// !$*UTF8*$!
{
	archiveVersion = 1;
	classes = {
	};
	objectVersion = 50;
	objects = {

/* Begin PBXBuildFile section */
		4D78984F25557940005844A8 /* MKPointAnnotation-Codable.swift in Sources */ = {isa = PBXBuildFile; fileRef = 4D78984E25557940005844A8 /* MKPointAnnotation-Codable.swift */; };
		4DC137EC255506FD00D9FB4E /* MKPointAnnotaion-ObservableObject.swift in Sources */ = {isa = PBXBuildFile; fileRef = 4DC137EB255506FD00D9FB4E /* MKPointAnnotaion-ObservableObject.swift */; };
		4DC137F02555077900D9FB4E /* EditView.swift in Sources */ = {isa = PBXBuildFile; fileRef = 4DC137EF2555077900D9FB4E /* EditView.swift */; };
		4DC137F325550C3E00D9FB4E /* Result.swift in Sources */ = {isa = PBXBuildFile; fileRef = 4DC137F225550C3E00D9FB4E /* Result.swift */; };
		4DC773FF25525D6B00C7F19F /* BucketListApp.swift in Sources */ = {isa = PBXBuildFile; fileRef = 4DC773FE25525D6B00C7F19F /* BucketListApp.swift */; };
		4DC7740125525D6B00C7F19F /* ContentView.swift in Sources */ = {isa = PBXBuildFile; fileRef = 4DC7740025525D6B00C7F19F /* ContentView.swift */; };
		4DC7740325525D6D00C7F19F /* Assets.xcassets in Resources */ = {isa = PBXBuildFile; fileRef = 4DC7740225525D6D00C7F19F /* Assets.xcassets */; };
		4DC7740625525D6D00C7F19F /* Preview Assets.xcassets in Resources */ = {isa = PBXBuildFile; fileRef = 4DC7740525525D6D00C7F19F /* Preview Assets.xcassets */; };
		4DC7740F255268D000C7F19F /* MapView.swift in Sources */ = {isa = PBXBuildFile; fileRef = 4DC7740E255268D000C7F19F /* MapView.swift */; };
		4DD841052556916400963B82 /* AddButtonView.swift in Sources */ = {isa = PBXBuildFile; fileRef = 4DD841042556916400963B82 /* AddButtonView.swift */; };
		4DD84108255695D000963B82 /* UnlockButtonView.swift in Sources */ = {isa = PBXBuildFile; fileRef = 4DD84107255695D000963B82 /* UnlockButtonView.swift */; };
/* End PBXBuildFile section */

/* Begin PBXFileReference section */
		4D78984E25557940005844A8 /* MKPointAnnotation-Codable.swift */ = {isa = PBXFileReference; lastKnownFileType = sourcecode.swift; path = "MKPointAnnotation-Codable.swift"; sourceTree = "<group>"; };
		4DC137EB255506FD00D9FB4E /* MKPointAnnotaion-ObservableObject.swift */ = {isa = PBXFileReference; lastKnownFileType = sourcecode.swift; path = "MKPointAnnotaion-ObservableObject.swift"; sourceTree = "<group>"; };
		4DC137EF2555077900D9FB4E /* EditView.swift */ = {isa = PBXFileReference; lastKnownFileType = sourcecode.swift; path = EditView.swift; sourceTree = "<group>"; };
		4DC137F225550C3E00D9FB4E /* Result.swift */ = {isa = PBXFileReference; lastKnownFileType = sourcecode.swift; path = Result.swift; sourceTree = "<group>"; };
		4DC773FB25525D6B00C7F19F /* BucketList.app */ = {isa = PBXFileReference; explicitFileType = wrapper.application; includeInIndex = 0; path = BucketList.app; sourceTree = BUILT_PRODUCTS_DIR; };
		4DC773FE25525D6B00C7F19F /* BucketListApp.swift */ = {isa = PBXFileReference; lastKnownFileType = sourcecode.swift; path = BucketListApp.swift; sourceTree = "<group>"; };
		4DC7740025525D6B00C7F19F /* ContentView.swift */ = {isa = PBXFileReference; lastKnownFileType = sourcecode.swift; path = ContentView.swift; sourceTree = "<group>"; };
		4DC7740225525D6D00C7F19F /* Assets.xcassets */ = {isa = PBXFileReference; lastKnownFileType = folder.assetcatalog; path = Assets.xcassets; sourceTree = "<group>"; };
		4DC7740525525D6D00C7F19F /* Preview Assets.xcassets */ = {isa = PBXFileReference; lastKnownFileType = folder.assetcatalog; path = "Preview Assets.xcassets"; sourceTree = "<group>"; };
		4DC7740725525D6D00C7F19F /* Info.plist */ = {isa = PBXFileReference; lastKnownFileType = text.plist.xml; path = Info.plist; sourceTree = "<group>"; };
		4DC7740E255268D000C7F19F /* MapView.swift */ = {isa = PBXFileReference; lastKnownFileType = sourcecode.swift; path = MapView.swift; sourceTree = "<group>"; };
		4DD841042556916400963B82 /* AddButtonView.swift */ = {isa = PBXFileReference; lastKnownFileType = sourcecode.swift; path = AddButtonView.swift; sourceTree = "<group>"; };
		4DD84107255695D000963B82 /* UnlockButtonView.swift */ = {isa = PBXFileReference; lastKnownFileType = sourcecode.swift; path = UnlockButtonView.swift; sourceTree = "<group>"; };
/* End PBXFileReference section */

/* Begin PBXFrameworksBuildPhase section */
		4DC773F825525D6B00C7F19F /* Frameworks */ = {
			isa = PBXFrameworksBuildPhase;
			buildActionMask = 2147483647;
			files = (
			);
			runOnlyForDeploymentPostprocessing = 0;
		};
/* End PBXFrameworksBuildPhase section */

/* Begin PBXGroup section */
		4DC137EA255506E700D9FB4E /* Model */ = {
			isa = PBXGroup;
			children = (
				4DC137EB255506FD00D9FB4E /* MKPointAnnotaion-ObservableObject.swift */,
				4DC137F225550C3E00D9FB4E /* Result.swift */,
				4D78984E25557940005844A8 /* MKPointAnnotation-Codable.swift */,
			);
			path = Model;
			sourceTree = "<group>";
		};
		4DC773F225525D6B00C7F19F = {
			isa = PBXGroup;
			children = (
				4DC773FD25525D6B00C7F19F /* BucketList */,
				4DC773FC25525D6B00C7F19F /* Products */,
			);
			sourceTree = "<group>";
		};
		4DC773FC25525D6B00C7F19F /* Products */ = {
			isa = PBXGroup;
			children = (
				4DC773FB25525D6B00C7F19F /* BucketList.app */,
			);
			name = Products;
			sourceTree = "<group>";
		};
		4DC773FD25525D6B00C7F19F /* BucketList */ = {
			isa = PBXGroup;
			children = (
				4DC137EA255506E700D9FB4E /* Model */,
				4DC7741125526B3900C7F19F /* View */,
				4DC773FE25525D6B00C7F19F /* BucketListApp.swift */,
				4DC7740225525D6D00C7F19F /* Assets.xcassets */,
				4DC7740725525D6D00C7F19F /* Info.plist */,
				4DC7740425525D6D00C7F19F /* Preview Content */,
			);
			path = BucketList;
			sourceTree = "<group>";
		};
		4DC7740425525D6D00C7F19F /* Preview Content */ = {
			isa = PBXGroup;
			children = (
				4DC7740525525D6D00C7F19F /* Preview Assets.xcassets */,
			);
			path = "Preview Content";
			sourceTree = "<group>";
		};
		4DC7741125526B3900C7F19F /* View */ = {
			isa = PBXGroup;
			children = (
				4DC7740025525D6B00C7F19F /* ContentView.swift */,
				4DC7740E255268D000C7F19F /* MapView.swift */,
				4DC137EF2555077900D9FB4E /* EditView.swift */,
				4DD841042556916400963B82 /* AddButtonView.swift */,
				4DD84107255695D000963B82 /* UnlockButtonView.swift */,
			);
			path = View;
			sourceTree = "<group>";
		};
/* End PBXGroup section */

/* Begin PBXNativeTarget section */
		4DC773FA25525D6B00C7F19F /* BucketList */ = {
			isa = PBXNativeTarget;
			buildConfigurationList = 4DC7740A25525D6D00C7F19F /* Build configuration list for PBXNativeTarget "BucketList" */;
			buildPhases = (
				4DC773F725525D6B00C7F19F /* Sources */,
				4DC773F825525D6B00C7F19F /* Frameworks */,
				4DC773F925525D6B00C7F19F /* Resources */,
			);
			buildRules = (
			);
			dependencies = (
			);
			name = BucketList;
			productName = BucketList;
			productReference = 4DC773FB25525D6B00C7F19F /* BucketList.app */;
			productType = "com.apple.product-type.application";
		};
/* End PBXNativeTarget section */

/* Begin PBXProject section */
		4DC773F325525D6B00C7F19F /* Project object */ = {
			isa = PBXProject;
			attributes = {
				LastSwiftUpdateCheck = 1210;
				LastUpgradeCheck = 1210;
				TargetAttributes = {
					4DC773FA25525D6B00C7F19F = {
						CreatedOnToolsVersion = 12.1;
					};
				};
			};
			buildConfigurationList = 4DC773F625525D6B00C7F19F /* Build configuration list for PBXProject "BucketList" */;
			compatibilityVersion = "Xcode 9.3";
			developmentRegion = en;
			hasScannedForEncodings = 0;
			knownRegions = (
				en,
				Base,
			);
			mainGroup = 4DC773F225525D6B00C7F19F;
			productRefGroup = 4DC773FC25525D6B00C7F19F /* Products */;
			projectDirPath = "";
			projectRoot = "";
			targets = (
				4DC773FA25525D6B00C7F19F /* BucketList */,
			);
		};
/* End PBXProject section */

/* Begin PBXResourcesBuildPhase section */
		4DC773F925525D6B00C7F19F /* Resources */ = {
			isa = PBXResourcesBuildPhase;
			buildActionMask = 2147483647;
			files = (
				4DC7740625525D6D00C7F19F /* Preview Assets.xcassets in Resources */,
				4DC7740325525D6D00C7F19F /* Assets.xcassets in Resources */,
			);
			runOnlyForDeploymentPostprocessing = 0;
		};
/* End PBXResourcesBuildPhase section */

/* Begin PBXSourcesBuildPhase section */
		4DC773F725525D6B00C7F19F /* Sources */ = {
			isa = PBXSourcesBuildPhase;
			buildActionMask = 2147483647;
			files = (
				4D78984F25557940005844A8 /* MKPointAnnotation-Codable.swift in Sources */,
				4DC137F325550C3E00D9FB4E /* Result.swift in Sources */,
				4DC137EC255506FD00D9FB4E /* MKPointAnnotaion-ObservableObject.swift in Sources */,
				4DC137F02555077900D9FB4E /* EditView.swift in Sources */,
				4DC7740125525D6B00C7F19F /* ContentView.swift in Sources */,
				4DC7740F255268D000C7F19F /* MapView.swift in Sources */,
				4DD841052556916400963B82 /* AddButtonView.swift in Sources */,
				4DD84108255695D000963B82 /* UnlockButtonView.swift in Sources */,
				4DC773FF25525D6B00C7F19F /* BucketListApp.swift in Sources */,
			);
			runOnlyForDeploymentPostprocessing = 0;
		};
/* End PBXSourcesBuildPhase section */

/* Begin XCBuildConfiguration section */
		4DC7740825525D6D00C7F19F /* Debug */ = {
			isa = XCBuildConfiguration;
			buildSettings = {
				ALWAYS_SEARCH_USER_PATHS = NO;
				CLANG_ANALYZER_NONNULL = YES;
				CLANG_ANALYZER_NUMBER_OBJECT_CONVERSION = YES_AGGRESSIVE;
				CLANG_CXX_LANGUAGE_STANDARD = "gnu++14";
				CLANG_CXX_LIBRARY = "libc++";
				CLANG_ENABLE_MODULES = YES;
				CLANG_ENABLE_OBJC_ARC = YES;
				CLANG_ENABLE_OBJC_WEAK = YES;
				CLANG_WARN_BLOCK_CAPTURE_AUTORELEASING = YES;
				CLANG_WARN_BOOL_CONVERSION = YES;
				CLANG_WARN_COMMA = YES;
				CLANG_WARN_CONSTANT_CONVERSION = YES;
				CLANG_WARN_DEPRECATED_OBJC_IMPLEMENTATIONS = YES;
				CLANG_WARN_DIRECT_OBJC_ISA_USAGE = YES_ERROR;
				CLANG_WARN_DOCUMENTATION_COMMENTS = YES;
				CLANG_WARN_EMPTY_BODY = YES;
				CLANG_WARN_ENUM_CONVERSION = YES;
				CLANG_WARN_INFINITE_RECURSION = YES;
				CLANG_WARN_INT_CONVERSION = YES;
				CLANG_WARN_NON_LITERAL_NULL_CONVERSION = YES;
				CLANG_WARN_OBJC_IMPLICIT_RETAIN_SELF = YES;
				CLANG_WARN_OBJC_LITERAL_CONVERSION = YES;
				CLANG_WARN_OBJC_ROOT_CLASS = YES_ERROR;
				CLANG_WARN_QUOTED_INCLUDE_IN_FRAMEWORK_HEADER = YES;
				CLANG_WARN_RANGE_LOOP_ANALYSIS = YES;
				CLANG_WARN_STRICT_PROTOTYPES = YES;
				CLANG_WARN_SUSPICIOUS_MOVE = YES;
				CLANG_WARN_UNGUARDED_AVAILABILITY = YES_AGGRESSIVE;
				CLANG_WARN_UNREACHABLE_CODE = YES;
				CLANG_WARN__DUPLICATE_METHOD_MATCH = YES;
				COPY_PHASE_STRIP = NO;
				DEBUG_INFORMATION_FORMAT = dwarf;
				ENABLE_STRICT_OBJC_MSGSEND = YES;
				ENABLE_TESTABILITY = YES;
				GCC_C_LANGUAGE_STANDARD = gnu11;
				GCC_DYNAMIC_NO_PIC = NO;
				GCC_NO_COMMON_BLOCKS = YES;
				GCC_OPTIMIZATION_LEVEL = 0;
				GCC_PREPROCESSOR_DEFINITIONS = (
					"DEBUG=1",
					"$(inherited)",
				);
				GCC_WARN_64_TO_32_BIT_CONVERSION = YES;
				GCC_WARN_ABOUT_RETURN_TYPE = YES_ERROR;
				GCC_WARN_UNDECLARED_SELECTOR = YES;
				GCC_WARN_UNINITIALIZED_AUTOS = YES_AGGRESSIVE;
				GCC_WARN_UNUSED_FUNCTION = YES;
				GCC_WARN_UNUSED_VARIABLE = YES;
				IPHONEOS_DEPLOYMENT_TARGET = 14.1;
				MTL_ENABLE_DEBUG_INFO = INCLUDE_SOURCE;
				MTL_FAST_MATH = YES;
				ONLY_ACTIVE_ARCH = YES;
				SDKROOT = iphoneos;
				SWIFT_ACTIVE_COMPILATION_CONDITIONS = DEBUG;
				SWIFT_OPTIMIZATION_LEVEL = "-Onone";
			};
			name = Debug;
		};
		4DC7740925525D6D00C7F19F /* Release */ = {
			isa = XCBuildConfiguration;
			buildSettings = {
				ALWAYS_SEARCH_USER_PATHS = NO;
				CLANG_ANALYZER_NONNULL = YES;
				CLANG_ANALYZER_NUMBER_OBJECT_CONVERSION = YES_AGGRESSIVE;
				CLANG_CXX_LANGUAGE_STANDARD = "gnu++14";
				CLANG_CXX_LIBRARY = "libc++";
				CLANG_ENABLE_MODULES = YES;
				CLANG_ENABLE_OBJC_ARC = YES;
				CLANG_ENABLE_OBJC_WEAK = YES;
				CLANG_WARN_BLOCK_CAPTURE_AUTORELEASING = YES;
				CLANG_WARN_BOOL_CONVERSION = YES;
				CLANG_WARN_COMMA = YES;
				CLANG_WARN_CONSTANT_CONVERSION = YES;
				CLANG_WARN_DEPRECATED_OBJC_IMPLEMENTATIONS = YES;
				CLANG_WARN_DIRECT_OBJC_ISA_USAGE = YES_ERROR;
				CLANG_WARN_DOCUMENTATION_COMMENTS = YES;
				CLANG_WARN_EMPTY_BODY = YES;
				CLANG_WARN_ENUM_CONVERSION = YES;
				CLANG_WARN_INFINITE_RECURSION = YES;
				CLANG_WARN_INT_CONVERSION = YES;
				CLANG_WARN_NON_LITERAL_NULL_CONVERSION = YES;
				CLANG_WARN_OBJC_IMPLICIT_RETAIN_SELF = YES;
				CLANG_WARN_OBJC_LITERAL_CONVERSION = YES;
				CLANG_WARN_OBJC_ROOT_CLASS = YES_ERROR;
				CLANG_WARN_QUOTED_INCLUDE_IN_FRAMEWORK_HEADER = YES;
				CLANG_WARN_RANGE_LOOP_ANALYSIS = YES;
				CLANG_WARN_STRICT_PROTOTYPES = YES;
				CLANG_WARN_SUSPICIOUS_MOVE = YES;
				CLANG_WARN_UNGUARDED_AVAILABILITY = YES_AGGRESSIVE;
				CLANG_WARN_UNREACHABLE_CODE = YES;
				CLANG_WARN__DUPLICATE_METHOD_MATCH = YES;
				COPY_PHASE_STRIP = NO;
				DEBUG_INFORMATION_FORMAT = "dwarf-with-dsym";
				ENABLE_NS_ASSERTIONS = NO;
				ENABLE_STRICT_OBJC_MSGSEND = YES;
				GCC_C_LANGUAGE_STANDARD = gnu11;
				GCC_NO_COMMON_BLOCKS = YES;
				GCC_WARN_64_TO_32_BIT_CONVERSION = YES;
				GCC_WARN_ABOUT_RETURN_TYPE = YES_ERROR;
				GCC_WARN_UNDECLARED_SELECTOR = YES;
				GCC_WARN_UNINITIALIZED_AUTOS = YES_AGGRESSIVE;
				GCC_WARN_UNUSED_FUNCTION = YES;
				GCC_WARN_UNUSED_VARIABLE = YES;
				IPHONEOS_DEPLOYMENT_TARGET = 14.1;
				MTL_ENABLE_DEBUG_INFO = NO;
				MTL_FAST_MATH = YES;
				SDKROOT = iphoneos;
				SWIFT_COMPILATION_MODE = wholemodule;
				SWIFT_OPTIMIZATION_LEVEL = "-O";
				VALIDATE_PRODUCT = YES;
			};
			name = Release;
		};
		4DC7740B25525D6D00C7F19F /* Debug */ = {
			isa = XCBuildConfiguration;
			buildSettings = {
				ASSETCATALOG_COMPILER_APPICON_NAME = AppIcon;
				ASSETCATALOG_COMPILER_GLOBAL_ACCENT_COLOR_NAME = AccentColor;
				CODE_SIGN_STYLE = Automatic;
				DEVELOPMENT_ASSET_PATHS = "\"BucketList/Preview Content\"";
				DEVELOPMENT_TEAM = 7J7R843574;
				ENABLE_PREVIEWS = YES;
				INFOPLIST_FILE = BucketList/Info.plist;
				IPHONEOS_DEPLOYMENT_TARGET = 14.0;
				LD_RUNPATH_SEARCH_PATHS = (
					"$(inherited)",
					"@executable_path/Frameworks",
				);
				PRODUCT_BUNDLE_IDENTIFIER = Dobuzi.BucketList;
				PRODUCT_NAME = "$(TARGET_NAME)";
				SWIFT_VERSION = 5.0;
				TARGETED_DEVICE_FAMILY = "1,2";
			};
			name = Debug;
		};
		4DC7740C25525D6D00C7F19F /* Release */ = {
			isa = XCBuildConfiguration;
			buildSettings = {
				ASSETCATALOG_COMPILER_APPICON_NAME = AppIcon;
				ASSETCATALOG_COMPILER_GLOBAL_ACCENT_COLOR_NAME = AccentColor;
				CODE_SIGN_STYLE = Automatic;
				DEVELOPMENT_ASSET_PATHS = "\"BucketList/Preview Content\"";
				DEVELOPMENT_TEAM = 7J7R843574;
				ENABLE_PREVIEWS = YES;
				INFOPLIST_FILE = BucketList/Info.plist;
				IPHONEOS_DEPLOYMENT_TARGET = 14.0;
				LD_RUNPATH_SEARCH_PATHS = (
					"$(inherited)",
					"@executable_path/Frameworks",
				);
				PRODUCT_BUNDLE_IDENTIFIER = Dobuzi.BucketList;
				PRODUCT_NAME = "$(TARGET_NAME)";
				SWIFT_VERSION = 5.0;
				TARGETED_DEVICE_FAMILY = "1,2";
			};
			name = Release;
		};
/* End XCBuildConfiguration section */

/* Begin XCConfigurationList section */
		4DC773F625525D6B00C7F19F /* Build configuration list for PBXProject "BucketList" */ = {
			isa = XCConfigurationList;
			buildConfigurations = (
				4DC7740825525D6D00C7F19F /* Debug */,
				4DC7740925525D6D00C7F19F /* Release */,
			);
			defaultConfigurationIsVisible = 0;
			defaultConfigurationName = Release;
		};
		4DC7740A25525D6D00C7F19F /* Build configuration list for PBXNativeTarget "BucketList" */ = {
			isa = XCConfigurationList;
			buildConfigurations = (
				4DC7740B25525D6D00C7F19F /* Debug */,
				4DC7740C25525D6D00C7F19F /* Release */,
			);
			defaultConfigurationIsVisible = 0;
			defaultConfigurationName = Release;
		};
/* End XCConfigurationList section */
	};
	rootObject = 4DC773F325525D6B00C7F19F /* Project object */;
}
